
Microsoft Visual Studio Solution File, Format Version 10.00
# Visual Studio 2008
Project("{8BC9CEB8-8B4A-11D0-8D11-00A0C91BC942}") = "flat", "flat.vcproj", "{92B8B4F9-792F-4E53-A5D2-87E1EEA06BE8}"
EndProject
Global
	GlobalSection(SolutionConfigurationPlatforms) = preSolution
		Debug|Win32 = Debug|Win32
		Release|Win32 = Release|Win32
	EndGlobalSection
	GlobalSection(ProjectConfigurationPlatforms) = postSolution
		{92B8B4F9-792F-4E53-A5D2-87E1EEA06BE8}.Debug|Win32.ActiveCfg = Debug|Win32
		{92B8B4F9-792F-4E53-A5D2-87E1EEA06BE8}.Debug|Win32.Build.0 = Debug|Win32
		{92B8B4F9-792F-4E53-A5D2-87E1EEA06BE8}.Release|Win32.ActiveCfg = Release|Win32
		{92B8B4F9-792F-4E53-A5D2-87E1EEA06BE8}.Release|Win32.Build.0 = Release|Win32
	EndGlobalSection
	GlobalSection(SolutionProperties) = preSolution
		HideSolutionNode = FALSE
	EndGlobalSection
EndGlobal
